// !$*UTF8*$!
{
	archiveVersion = 1;
	classes = {
	};
	objectVersion = 56;
	objects = {

/* Begin PBXBuildFile section */
		60F1983A2A5FD15200F3DB92 /* AppDelegate.swift in Sources */ = {isa = PBXBuildFile; fileRef = 60F198392A5FD15200F3DB92 /* AppDelegate.swift */; };
		60F1983C2A5FD15200F3DB92 /* SceneDelegate.swift in Sources */ = {isa = PBXBuildFile; fileRef = 60F1983B2A5FD15200F3DB92 /* SceneDelegate.swift */; };
		60F1983E2A5FD15200F3DB92 /* ViewController.swift in Sources */ = {isa = PBXBuildFile; fileRef = 60F1983D2A5FD15200F3DB92 /* ViewController.swift */; };
		60F198412A5FD15200F3DB92 /* Main.storyboard in Resources */ = {isa = PBXBuildFile; fileRef = 60F1983F2A5FD15200F3DB92 /* Main.storyboard */; };
		60F198442A5FD15200F3DB92 /* YandexToDoList.xcdatamodeld in Sources */ = {isa = PBXBuildFile; fileRef = 60F198422A5FD15200F3DB92 /* YandexToDoList.xcdatamodeld */; };
		60F198462A5FD15500F3DB92 /* Assets.xcassets in Resources */ = {isa = PBXBuildFile; fileRef = 60F198452A5FD15500F3DB92 /* Assets.xcassets */; };
		60F198492A5FD15500F3DB92 /* LaunchScreen.storyboard in Resources */ = {isa = PBXBuildFile; fileRef = 60F198472A5FD15500F3DB92 /* LaunchScreen.storyboard */; };
		60F198542A5FD15500F3DB92 /* YandexToDoListTests.swift in Sources */ = {isa = PBXBuildFile; fileRef = 60F198532A5FD15500F3DB92 /* YandexToDoListTests.swift */; };
		60F1985E2A5FD15500F3DB92 /* YandexToDoListUITests.swift in Sources */ = {isa = PBXBuildFile; fileRef = 60F1985D2A5FD15500F3DB92 /* YandexToDoListUITests.swift */; };
		60F198602A5FD15500F3DB92 /* YandexToDoListUITestsLaunchTests.swift in Sources */ = {isa = PBXBuildFile; fileRef = 60F1985F2A5FD15500F3DB92 /* YandexToDoListUITestsLaunchTests.swift */; };
/* End PBXBuildFile section */

/* Begin PBXContainerItemProxy section */
		60F198502A5FD15500F3DB92 /* PBXContainerItemProxy */ = {
			isa = PBXContainerItemProxy;
			containerPortal = 60F1982E2A5FD15200F3DB92 /* Project object */;
			proxyType = 1;
			remoteGlobalIDString = 60F198352A5FD15200F3DB92;
			remoteInfo = YandexToDoList;
		};
		60F1985A2A5FD15500F3DB92 /* PBXContainerItemProxy */ = {
			isa = PBXContainerItemProxy;
			containerPortal = 60F1982E2A5FD15200F3DB92 /* Project object */;
			proxyType = 1;
			remoteGlobalIDString = 60F198352A5FD15200F3DB92;
			remoteInfo = YandexToDoList;
		};
/* End PBXContainerItemProxy section */

/* Begin PBXFileReference section */
		60F198362A5FD15200F3DB92 /* YandexToDoList.app */ = {isa = PBXFileReference; explicitFileType = wrapper.application; includeInIndex = 0; path = YandexToDoList.app; sourceTree = BUILT_PRODUCTS_DIR; };
		60F198392A5FD15200F3DB92 /* AppDelegate.swift */ = {isa = PBXFileReference; lastKnownFileType = sourcecode.swift; path = AppDelegate.swift; sourceTree = "<group>"; };
		60F1983B2A5FD15200F3DB92 /* SceneDelegate.swift */ = {isa = PBXFileReference; lastKnownFileType = sourcecode.swift; path = SceneDelegate.swift; sourceTree = "<group>"; };
		60F1983D2A5FD15200F3DB92 /* ViewController.swift */ = {isa = PBXFileReference; lastKnownFileType = sourcecode.swift; path = ViewController.swift; sourceTree = "<group>"; };
		60F198402A5FD15200F3DB92 /* Base */ = {isa = PBXFileReference; lastKnownFileType = file.storyboard; name = Base; path = Base.lproj/Main.storyboard; sourceTree = "<group>"; };
		60F198432A5FD15200F3DB92 /* YandexToDoList.xcdatamodel */ = {isa = PBXFileReference; lastKnownFileType = wrapper.xcdatamodel; path = YandexToDoList.xcdatamodel; sourceTree = "<group>"; };
		60F198452A5FD15500F3DB92 /* Assets.xcassets */ = {isa = PBXFileReference; lastKnownFileType = folder.assetcatalog; path = Assets.xcassets; sourceTree = "<group>"; };
		60F198482A5FD15500F3DB92 /* Base */ = {isa = PBXFileReference; lastKnownFileType = file.storyboard; name = Base; path = Base.lproj/LaunchScreen.storyboard; sourceTree = "<group>"; };
		60F1984A2A5FD15500F3DB92 /* Info.plist */ = {isa = PBXFileReference; lastKnownFileType = text.plist.xml; path = Info.plist; sourceTree = "<group>"; };
		60F1984F2A5FD15500F3DB92 /* YandexToDoListTests.xctest */ = {isa = PBXFileReference; explicitFileType = wrapper.cfbundle; includeInIndex = 0; path = YandexToDoListTests.xctest; sourceTree = BUILT_PRODUCTS_DIR; };
		60F198532A5FD15500F3DB92 /* YandexToDoListTests.swift */ = {isa = PBXFileReference; lastKnownFileType = sourcecode.swift; path = YandexToDoListTests.swift; sourceTree = "<group>"; };
		60F198592A5FD15500F3DB92 /* YandexToDoListUITests.xctest */ = {isa = PBXFileReference; explicitFileType = wrapper.cfbundle; includeInIndex = 0; path = YandexToDoListUITests.xctest; sourceTree = BUILT_PRODUCTS_DIR; };
		60F1985D2A5FD15500F3DB92 /* YandexToDoListUITests.swift */ = {isa = PBXFileReference; lastKnownFileType = sourcecode.swift; path = YandexToDoListUITests.swift; sourceTree = "<group>"; };
		60F1985F2A5FD15500F3DB92 /* YandexToDoListUITestsLaunchTests.swift */ = {isa = PBXFileReference; lastKnownFileType = sourcecode.swift; path = YandexToDoListUITestsLaunchTests.swift; sourceTree = "<group>"; };
/* End PBXFileReference section */

/* Begin PBXFrameworksBuildPhase section */
		60F198332A5FD15200F3DB92 /* Frameworks */ = {
			isa = PBXFrameworksBuildPhase;
			buildActionMask = 2147483647;
			files = (
			);
			runOnlyForDeploymentPostprocessing = 0;
		};
		60F1984C2A5FD15500F3DB92 /* Frameworks */ = {
			isa = PBXFrameworksBuildPhase;
			buildActionMask = 2147483647;
			files = (
			);
			runOnlyForDeploymentPostprocessing = 0;
		};
		60F198562A5FD15500F3DB92 /* Frameworks */ = {
			isa = PBXFrameworksBuildPhase;
			buildActionMask = 2147483647;
			files = (
			);
			runOnlyForDeploymentPostprocessing = 0;
		};
/* End PBXFrameworksBuildPhase section */

/* Begin PBXGroup section */
		60F1982D2A5FD15200F3DB92 = {
			isa = PBXGroup;
			children = (
				60F198382A5FD15200F3DB92 /* YandexToDoList */,
				60F198522A5FD15500F3DB92 /* YandexToDoListTests */,
				60F1985C2A5FD15500F3DB92 /* YandexToDoListUITests */,
				60F198372A5FD15200F3DB92 /* Products */,
			);
			sourceTree = "<group>";
		};
		60F198372A5FD15200F3DB92 /* Products */ = {
			isa = PBXGroup;
			children = (
				60F198362A5FD15200F3DB92 /* YandexToDoList.app */,
				60F1984F2A5FD15500F3DB92 /* YandexToDoListTests.xctest */,
				60F198592A5FD15500F3DB92 /* YandexToDoListUITests.xctest */,
			);
			name = Products;
			sourceTree = "<group>";
		};
		60F198382A5FD15200F3DB92 /* YandexToDoList */ = {
			isa = PBXGroup;
			children = (
				60F198392A5FD15200F3DB92 /* AppDelegate.swift */,
				60F1983B2A5FD15200F3DB92 /* SceneDelegate.swift */,
				60F1983D2A5FD15200F3DB92 /* ViewController.swift */,
				60F1983F2A5FD15200F3DB92 /* Main.storyboard */,
				60F198452A5FD15500F3DB92 /* Assets.xcassets */,
				60F198472A5FD15500F3DB92 /* LaunchScreen.storyboard */,
				60F1984A2A5FD15500F3DB92 /* Info.plist */,
				60F198422A5FD15200F3DB92 /* YandexToDoList.xcdatamodeld */,
			);
			path = YandexToDoList;
			sourceTree = "<group>";
		};
		60F198522A5FD15500F3DB92 /* YandexToDoListTests */ = {
			isa = PBXGroup;
			children = (
				60F198532A5FD15500F3DB92 /* YandexToDoListTests.swift */,
			);
			path = YandexToDoListTests;
			sourceTree = "<group>";
		};
		60F1985C2A5FD15500F3DB92 /* YandexToDoListUITests */ = {
			isa = PBXGroup;
			children = (
				60F1985D2A5FD15500F3DB92 /* YandexToDoListUITests.swift */,
				60F1985F2A5FD15500F3DB92 /* YandexToDoListUITestsLaunchTests.swift */,
			);
			path = YandexToDoListUITests;
			sourceTree = "<group>";
		};
/* End PBXGroup section */

/* Begin PBXNativeTarget section */
		60F198352A5FD15200F3DB92 /* YandexToDoList */ = {
			isa = PBXNativeTarget;
			buildConfigurationList = 60F198632A5FD15500F3DB92 /* Build configuration list for PBXNativeTarget "YandexToDoList" */;
			buildPhases = (
				60F198322A5FD15200F3DB92 /* Sources */,
				60F198332A5FD15200F3DB92 /* Frameworks */,
				60F198342A5FD15200F3DB92 /* Resources */,
			);
			buildRules = (
			);
			dependencies = (
			);
			name = YandexToDoList;
			productName = YandexToDoList;
			productReference = 60F198362A5FD15200F3DB92 /* YandexToDoList.app */;
			productType = "com.apple.product-type.application";
		};
		60F1984E2A5FD15500F3DB92 /* YandexToDoListTests */ = {
			isa = PBXNativeTarget;
			buildConfigurationList = 60F198662A5FD15500F3DB92 /* Build configuration list for PBXNativeTarget "YandexToDoListTests" */;
			buildPhases = (
				60F1984B2A5FD15500F3DB92 /* Sources */,
				60F1984C2A5FD15500F3DB92 /* Frameworks */,
				60F1984D2A5FD15500F3DB92 /* Resources */,
			);
			buildRules = (
			);
			dependencies = (
				60F198512A5FD15500F3DB92 /* PBXTargetDependency */,
			);
			name = YandexToDoListTests;
			productName = YandexToDoListTests;
			productReference = 60F1984F2A5FD15500F3DB92 /* YandexToDoListTests.xctest */;
			productType = "com.apple.product-type.bundle.unit-test";
		};
		60F198582A5FD15500F3DB92 /* YandexToDoListUITests */ = {
			isa = PBXNativeTarget;
			buildConfigurationList = 60F198692A5FD15500F3DB92 /* Build configuration list for PBXNativeTarget "YandexToDoListUITests" */;
			buildPhases = (
				60F198552A5FD15500F3DB92 /* Sources */,
				60F198562A5FD15500F3DB92 /* Frameworks */,
				60F198572A5FD15500F3DB92 /* Resources */,
			);
			buildRules = (
			);
			dependencies = (
				60F1985B2A5FD15500F3DB92 /* PBXTargetDependency */,
			);
			name = YandexToDoListUITests;
			productName = YandexToDoListUITests;
			productReference = 60F198592A5FD15500F3DB92 /* YandexToDoListUITests.xctest */;
			productType = "com.apple.product-type.bundle.ui-testing";
		};
/* End PBXNativeTarget section */

/* Begin PBXProject section */
		60F1982E2A5FD15200F3DB92 /* Project object */ = {
			isa = PBXProject;
			attributes = {
				BuildIndependentTargetsInParallel = 1;
				LastSwiftUpdateCheck = 1400;
				LastUpgradeCheck = 1400;
				TargetAttributes = {
					60F198352A5FD15200F3DB92 = {
						CreatedOnToolsVersion = 14.0.1;
					};
					60F1984E2A5FD15500F3DB92 = {
						CreatedOnToolsVersion = 14.0.1;
						TestTargetID = 60F198352A5FD15200F3DB92;
					};
					60F198582A5FD15500F3DB92 = {
						CreatedOnToolsVersion = 14.0.1;
						TestTargetID = 60F198352A5FD15200F3DB92;
					};
				};
			};
			buildConfigurationList = 60F198312A5FD15200F3DB92 /* Build configuration list for PBXProject "YandexToDoList" */;
			compatibilityVersion = "Xcode 14.0";
			developmentRegion = en;
			hasScannedForEncodings = 0;
			knownRegions = (
				en,
				Base,
			);
			mainGroup = 60F1982D2A5FD15200F3DB92;
			productRefGroup = 60F198372A5FD15200F3DB92 /* Products */;
			projectDirPath = "";
			projectRoot = "";
			targets = (
				60F198352A5FD15200F3DB92 /* YandexToDoList */,
				60F1984E2A5FD15500F3DB92 /* YandexToDoListTests */,
				60F198582A5FD15500F3DB92 /* YandexToDoListUITests */,
			);
		};
/* End PBXProject section */

/* Begin PBXResourcesBuildPhase section */
		60F198342A5FD15200F3DB92 /* Resources */ = {
			isa = PBXResourcesBuildPhase;
			buildActionMask = 2147483647;
			files = (
				60F198492A5FD15500F3DB92 /* LaunchScreen.storyboard in Resources */,
				60F198462A5FD15500F3DB92 /* Assets.xcassets in Resources */,
				60F198412A5FD15200F3DB92 /* Main.storyboard in Resources */,
			);
			runOnlyForDeploymentPostprocessing = 0;
		};
		60F1984D2A5FD15500F3DB92 /* Resources */ = {
			isa = PBXResourcesBuildPhase;
			buildActionMask = 2147483647;
			files = (
			);
			runOnlyForDeploymentPostprocessing = 0;
		};
		60F198572A5FD15500F3DB92 /* Resources */ = {
			isa = PBXResourcesBuildPhase;
			buildActionMask = 2147483647;
			files = (
			);
			runOnlyForDeploymentPostprocessing = 0;
		};
/* End PBXResourcesBuildPhase section */

/* Begin PBXSourcesBuildPhase section */
		60F198322A5FD15200F3DB92 /* Sources */ = {
			isa = PBXSourcesBuildPhase;
			buildActionMask = 2147483647;
			files = (
				60F1983E2A5FD15200F3DB92 /* ViewController.swift in Sources */,
				60F1983A2A5FD15200F3DB92 /* AppDelegate.swift in Sources */,
				60F198442A5FD15200F3DB92 /* YandexToDoList.xcdatamodeld in Sources */,
				60F1983C2A5FD15200F3DB92 /* SceneDelegate.swift in Sources */,
			);
			runOnlyForDeploymentPostprocessing = 0;
		};
		60F1984B2A5FD15500F3DB92 /* Sources */ = {
			isa = PBXSourcesBuildPhase;
			buildActionMask = 2147483647;
			files = (
				60F198542A5FD15500F3DB92 /* YandexToDoListTests.swift in Sources */,
			);
			runOnlyForDeploymentPostprocessing = 0;
		};
		60F198552A5FD15500F3DB92 /* Sources */ = {
			isa = PBXSourcesBuildPhase;
			buildActionMask = 2147483647;
			files = (
				60F1985E2A5FD15500F3DB92 /* YandexToDoListUITests.swift in Sources */,
				60F198602A5FD15500F3DB92 /* YandexToDoListUITestsLaunchTests.swift in Sources */,
			);
			runOnlyForDeploymentPostprocessing = 0;
		};
/* End PBXSourcesBuildPhase section */

/* Begin PBXTargetDependency section */
		60F198512A5FD15500F3DB92 /* PBXTargetDependency */ = {
			isa = PBXTargetDependency;
			target = 60F198352A5FD15200F3DB92 /* YandexToDoList */;
			targetProxy = 60F198502A5FD15500F3DB92 /* PBXContainerItemProxy */;
		};
		60F1985B2A5FD15500F3DB92 /* PBXTargetDependency */ = {
			isa = PBXTargetDependency;
			target = 60F198352A5FD15200F3DB92 /* YandexToDoList */;
			targetProxy = 60F1985A2A5FD15500F3DB92 /* PBXContainerItemProxy */;
		};
/* End PBXTargetDependency section */

/* Begin PBXVariantGroup section */
		60F1983F2A5FD15200F3DB92 /* Main.storyboard */ = {
			isa = PBXVariantGroup;
			children = (
				60F198402A5FD15200F3DB92 /* Base */,
			);
			name = Main.storyboard;
			sourceTree = "<group>";
		};
		60F198472A5FD15500F3DB92 /* LaunchScreen.storyboard */ = {
			isa = PBXVariantGroup;
			children = (
				60F198482A5FD15500F3DB92 /* Base */,
			);
			name = LaunchScreen.storyboard;
			sourceTree = "<group>";
		};
/* End PBXVariantGroup section */

/* Begin XCBuildConfiguration section */
		60F198612A5FD15500F3DB92 /* Debug */ = {
			isa = XCBuildConfiguration;
			buildSettings = {
				ALWAYS_SEARCH_USER_PATHS = NO;
				CLANG_ANALYZER_NONNULL = YES;
				CLANG_ANALYZER_NUMBER_OBJECT_CONVERSION = YES_AGGRESSIVE;
				CLANG_CXX_LANGUAGE_STANDARD = "gnu++20";
				CLANG_ENABLE_MODULES = YES;
				CLANG_ENABLE_OBJC_ARC = YES;
				CLANG_ENABLE_OBJC_WEAK = YES;
				CLANG_WARN_BLOCK_CAPTURE_AUTORELEASING = YES;
				CLANG_WARN_BOOL_CONVERSION = YES;
				CLANG_WARN_COMMA = YES;
				CLANG_WARN_CONSTANT_CONVERSION = YES;
				CLANG_WARN_DEPRECATED_OBJC_IMPLEMENTATIONS = YES;
				CLANG_WARN_DIRECT_OBJC_ISA_USAGE = YES_ERROR;
				CLANG_WARN_DOCUMENTATION_COMMENTS = YES;
				CLANG_WARN_EMPTY_BODY = YES;
				CLANG_WARN_ENUM_CONVERSION = YES;
				CLANG_WARN_INFINITE_RECURSION = YES;
				CLANG_WARN_INT_CONVERSION = YES;
				CLANG_WARN_NON_LITERAL_NULL_CONVERSION = YES;
				CLANG_WARN_OBJC_IMPLICIT_RETAIN_SELF = YES;
				CLANG_WARN_OBJC_LITERAL_CONVERSION = YES;
				CLANG_WARN_OBJC_ROOT_CLASS = YES_ERROR;
				CLANG_WARN_QUOTED_INCLUDE_IN_FRAMEWORK_HEADER = YES;
				CLANG_WARN_RANGE_LOOP_ANALYSIS = YES;
				CLANG_WARN_STRICT_PROTOTYPES = YES;
				CLANG_WARN_SUSPICIOUS_MOVE = YES;
				CLANG_WARN_UNGUARDED_AVAILABILITY = YES_AGGRESSIVE;
				CLANG_WARN_UNREACHABLE_CODE = YES;
				CLANG_WARN__DUPLICATE_METHOD_MATCH = YES;
				COPY_PHASE_STRIP = NO;
				DEBUG_INFORMATION_FORMAT = dwarf;
				ENABLE_STRICT_OBJC_MSGSEND = YES;
				ENABLE_TESTABILITY = YES;
				GCC_C_LANGUAGE_STANDARD = gnu11;
				GCC_DYNAMIC_NO_PIC = NO;
				GCC_NO_COMMON_BLOCKS = YES;
				GCC_OPTIMIZATION_LEVEL = 0;
				GCC_PREPROCESSOR_DEFINITIONS = (
					"DEBUG=1",
					"$(inherited)",
				);
				GCC_WARN_64_TO_32_BIT_CONVERSION = YES;
				GCC_WARN_ABOUT_RETURN_TYPE = YES_ERROR;
				GCC_WARN_UNDECLARED_SELECTOR = YES;
				GCC_WARN_UNINITIALIZED_AUTOS = YES_AGGRESSIVE;
				GCC_WARN_UNUSED_FUNCTION = YES;
				GCC_WARN_UNUSED_VARIABLE = YES;
				IPHONEOS_DEPLOYMENT_TARGET = 16.0;
				MTL_ENABLE_DEBUG_INFO = INCLUDE_SOURCE;
				MTL_FAST_MATH = YES;
				ONLY_ACTIVE_ARCH = YES;
				SDKROOT = iphoneos;
				SWIFT_ACTIVE_COMPILATION_CONDITIONS = DEBUG;
				SWIFT_OPTIMIZATION_LEVEL = "-Onone";
			};
			name = Debug;
		};
		60F198622A5FD15500F3DB92 /* Release */ = {
			isa = XCBuildConfiguration;
			buildSettings = {
				ALWAYS_SEARCH_USER_PATHS = NO;
				CLANG_ANALYZER_NONNULL = YES;
				CLANG_ANALYZER_NUMBER_OBJECT_CONVERSION = YES_AGGRESSIVE;
				CLANG_CXX_LANGUAGE_STANDARD = "gnu++20";
				CLANG_ENABLE_MODULES = YES;
				CLANG_ENABLE_OBJC_ARC = YES;
				CLANG_ENABLE_OBJC_WEAK = YES;
				CLANG_WARN_BLOCK_CAPTURE_AUTORELEASING = YES;
				CLANG_WARN_BOOL_CONVERSION = YES;
				CLANG_WARN_COMMA = YES;
				CLANG_WARN_CONSTANT_CONVERSION = YES;
				CLANG_WARN_DEPRECATED_OBJC_IMPLEMENTATIONS = YES;
				CLANG_WARN_DIRECT_OBJC_ISA_USAGE = YES_ERROR;
				CLANG_WARN_DOCUMENTATION_COMMENTS = YES;
				CLANG_WARN_EMPTY_BODY = YES;
				CLANG_WARN_ENUM_CONVERSION = YES;
				CLANG_WARN_INFINITE_RECURSION = YES;
				CLANG_WARN_INT_CONVERSION = YES;
				CLANG_WARN_NON_LITERAL_NULL_CONVERSION = YES;
				CLANG_WARN_OBJC_IMPLICIT_RETAIN_SELF = YES;
				CLANG_WARN_OBJC_LITERAL_CONVERSION = YES;
				CLANG_WARN_OBJC_ROOT_CLASS = YES_ERROR;
				CLANG_WARN_QUOTED_INCLUDE_IN_FRAMEWORK_HEADER = YES;
				CLANG_WARN_RANGE_LOOP_ANALYSIS = YES;
				CLANG_WARN_STRICT_PROTOTYPES = YES;
				CLANG_WARN_SUSPICIOUS_MOVE = YES;
				CLANG_WARN_UNGUARDED_AVAILABILITY = YES_AGGRESSIVE;
				CLANG_WARN_UNREACHABLE_CODE = YES;
				CLANG_WARN__DUPLICATE_METHOD_MATCH = YES;
				COPY_PHASE_STRIP = NO;
				DEBUG_INFORMATION_FORMAT = "dwarf-with-dsym";
				ENABLE_NS_ASSERTIONS = NO;
				ENABLE_STRICT_OBJC_MSGSEND = YES;
				GCC_C_LANGUAGE_STANDARD = gnu11;
				GCC_NO_COMMON_BLOCKS = YES;
				GCC_WARN_64_TO_32_BIT_CONVERSION = YES;
				GCC_WARN_ABOUT_RETURN_TYPE = YES_ERROR;
				GCC_WARN_UNDECLARED_SELECTOR = YES;
				GCC_WARN_UNINITIALIZED_AUTOS = YES_AGGRESSIVE;
				GCC_WARN_UNUSED_FUNCTION = YES;
				GCC_WARN_UNUSED_VARIABLE = YES;
				IPHONEOS_DEPLOYMENT_TARGET = 16.0;
				MTL_ENABLE_DEBUG_INFO = NO;
				MTL_FAST_MATH = YES;
				SDKROOT = iphoneos;
				SWIFT_COMPILATION_MODE = wholemodule;
				SWIFT_OPTIMIZATION_LEVEL = "-O";
				VALIDATE_PRODUCT = YES;
			};
			name = Release;
		};
		60F198642A5FD15500F3DB92 /* Debug */ = {
			isa = XCBuildConfiguration;
			buildSettings = {
				ASSETCATALOG_COMPILER_APPICON_NAME = AppIcon;
				ASSETCATALOG_COMPILER_GLOBAL_ACCENT_COLOR_NAME = AccentColor;
				CODE_SIGN_STYLE = Automatic;
				CURRENT_PROJECT_VERSION = 1;
				DEVELOPMENT_TEAM = 6YX8RWQNTP;
				GENERATE_INFOPLIST_FILE = YES;
				INFOPLIST_FILE = YandexToDoList/Info.plist;
				INFOPLIST_KEY_UIApplicationSupportsIndirectInputEvents = YES;
				INFOPLIST_KEY_UILaunchStoryboardName = LaunchScreen;
				INFOPLIST_KEY_UIMainStoryboardFile = Main;
				INFOPLIST_KEY_UISupportedInterfaceOrientations_iPad = "UIInterfaceOrientationPortrait UIInterfaceOrientationPortraitUpsideDown UIInterfaceOrientationLandscapeLeft UIInterfaceOrientationLandscapeRight";
				INFOPLIST_KEY_UISupportedInterfaceOrientations_iPhone = "UIInterfaceOrientationPortrait UIInterfaceOrientationLandscapeLeft UIInterfaceOrientationLandscapeRight";
				LD_RUNPATH_SEARCH_PATHS = (
					"$(inherited)",
					"@executable_path/Frameworks",
				);
				MARKETING_VERSION = 1.0;
				PRODUCT_BUNDLE_IDENTIFIER = adlet.zhan.YandexToDoList;
				PRODUCT_NAME = "$(TARGET_NAME)";
				SWIFT_EMIT_LOC_STRINGS = YES;
				SWIFT_VERSION = 5.0;
				TARGETED_DEVICE_FAMILY = "1,2";
			};
			name = Debug;
		};
		60F198652A5FD15500F3DB92 /* Release */ = {
			isa = XCBuildConfiguration;
			buildSettings = {
				ASSETCATALOG_COMPILER_APPICON_NAME = AppIcon;
				ASSETCATALOG_COMPILER_GLOBAL_ACCENT_COLOR_NAME = AccentColor;
				CODE_SIGN_STYLE = Automatic;
				CURRENT_PROJECT_VERSION = 1;
				DEVELOPMENT_TEAM = 6YX8RWQNTP;
				GENERATE_INFOPLIST_FILE = YES;
				INFOPLIST_FILE = YandexToDoList/Info.plist;
				INFOPLIST_KEY_UIApplicationSupportsIndirectInputEvents = YES;
				INFOPLIST_KEY_UILaunchStoryboardName = LaunchScreen;
				INFOPLIST_KEY_UIMainStoryboardFile = Main;
				INFOPLIST_KEY_UISupportedInterfaceOrientations_iPad = "UIInterfaceOrientationPortrait UIInterfaceOrientationPortraitUpsideDown UIInterfaceOrientationLandscapeLeft UIInterfaceOrientationLandscapeRight";
				INFOPLIST_KEY_UISupportedInterfaceOrientations_iPhone = "UIInterfaceOrientationPortrait UIInterfaceOrientationLandscapeLeft UIInterfaceOrientationLandscapeRight";
				LD_RUNPATH_SEARCH_PATHS = (
					"$(inherited)",
					"@executable_path/Frameworks",
				);
				MARKETING_VERSION = 1.0;
				PRODUCT_BUNDLE_IDENTIFIER = adlet.zhan.YandexToDoList;
				PRODUCT_NAME = "$(TARGET_NAME)";
				SWIFT_EMIT_LOC_STRINGS = YES;
				SWIFT_VERSION = 5.0;
				TARGETED_DEVICE_FAMILY = "1,2";
			};
			name = Release;
		};
		60F198672A5FD15500F3DB92 /* Debug */ = {
			isa = XCBuildConfiguration;
			buildSettings = {
				ALWAYS_EMBED_SWIFT_STANDARD_LIBRARIES = YES;
				BUNDLE_LOADER = "$(TEST_HOST)";
				CODE_SIGN_STYLE = Automatic;
				CURRENT_PROJECT_VERSION = 1;
				DEVELOPMENT_TEAM = 6YX8RWQNTP;
				GENERATE_INFOPLIST_FILE = YES;
				IPHONEOS_DEPLOYMENT_TARGET = 16.0;
				MARKETING_VERSION = 1.0;
				PRODUCT_BUNDLE_IDENTIFIER = adlet.zhan.YandexToDoListTests;
				PRODUCT_NAME = "$(TARGET_NAME)";
				SWIFT_EMIT_LOC_STRINGS = NO;
				SWIFT_VERSION = 5.0;
				TARGETED_DEVICE_FAMILY = "1,2";
				TEST_HOST = "$(BUILT_PRODUCTS_DIR)/YandexToDoList.app/$(BUNDLE_EXECUTABLE_FOLDER_PATH)/YandexToDoList";
			};
			name = Debug;
		};
		60F198682A5FD15500F3DB92 /* Release */ = {
			isa = XCBuildConfiguration;
			buildSettings = {
				ALWAYS_EMBED_SWIFT_STANDARD_LIBRARIES = YES;
				BUNDLE_LOADER = "$(TEST_HOST)";
				CODE_SIGN_STYLE = Automatic;
				CURRENT_PROJECT_VERSION = 1;
				DEVELOPMENT_TEAM = 6YX8RWQNTP;
				GENERATE_INFOPLIST_FILE = YES;
				IPHONEOS_DEPLOYMENT_TARGET = 16.0;
				MARKETING_VERSION = 1.0;
				PRODUCT_BUNDLE_IDENTIFIER = adlet.zhan.YandexToDoListTests;
				PRODUCT_NAME = "$(TARGET_NAME)";
				SWIFT_EMIT_LOC_STRINGS = NO;
				SWIFT_VERSION = 5.0;
				TARGETED_DEVICE_FAMILY = "1,2";
				TEST_HOST = "$(BUILT_PRODUCTS_DIR)/YandexToDoList.app/$(BUNDLE_EXECUTABLE_FOLDER_PATH)/YandexToDoList";
			};
			name = Release;
		};
		60F1986A2A5FD15500F3DB92 /* Debug */ = {
			isa = XCBuildConfiguration;
			buildSettings = {
				ALWAYS_EMBED_SWIFT_STANDARD_LIBRARIES = YES;
				CODE_SIGN_STYLE = Automatic;
				CURRENT_PROJECT_VERSION = 1;
				DEVELOPMENT_TEAM = 6YX8RWQNTP;
				GENERATE_INFOPLIST_FILE = YES;
				MARKETING_VERSION = 1.0;
				PRODUCT_BUNDLE_IDENTIFIER = adlet.zhan.YandexToDoListUITests;
				PRODUCT_NAME = "$(TARGET_NAME)";
				SWIFT_EMIT_LOC_STRINGS = NO;
				SWIFT_VERSION = 5.0;
				TARGETED_DEVICE_FAMILY = "1,2";
				TEST_TARGET_NAME = YandexToDoList;
			};
			name = Debug;
		};
		60F1986B2A5FD15500F3DB92 /* Release */ = {
			isa = XCBuildConfiguration;
			buildSettings = {
				ALWAYS_EMBED_SWIFT_STANDARD_LIBRARIES = YES;
				CODE_SIGN_STYLE = Automatic;
				CURRENT_PROJECT_VERSION = 1;
				DEVELOPMENT_TEAM = 6YX8RWQNTP;
				GENERATE_INFOPLIST_FILE = YES;
				MARKETING_VERSION = 1.0;
				PRODUCT_BUNDLE_IDENTIFIER = adlet.zhan.YandexToDoListUITests;
				PRODUCT_NAME = "$(TARGET_NAME)";
				SWIFT_EMIT_LOC_STRINGS = NO;
				SWIFT_VERSION = 5.0;
				TARGETED_DEVICE_FAMILY = "1,2";
				TEST_TARGET_NAME = YandexToDoList;
			};
			name = Release;
		};
/* End XCBuildConfiguration section */

/* Begin XCConfigurationList section */
		60F198312A5FD15200F3DB92 /* Build configuration list for PBXProject "YandexToDoList" */ = {
			isa = XCConfigurationList;
			buildConfigurations = (
				60F198612A5FD15500F3DB92 /* Debug */,
				60F198622A5FD15500F3DB92 /* Release */,
			);
			defaultConfigurationIsVisible = 0;
			defaultConfigurationName = Release;
		};
		60F198632A5FD15500F3DB92 /* Build configuration list for PBXNativeTarget "YandexToDoList" */ = {
			isa = XCConfigurationList;
			buildConfigurations = (
				60F198642A5FD15500F3DB92 /* Debug */,
				60F198652A5FD15500F3DB92 /* Release */,
			);
			defaultConfigurationIsVisible = 0;
			defaultConfigurationName = Release;
		};
		60F198662A5FD15500F3DB92 /* Build configuration list for PBXNativeTarget "YandexToDoListTests" */ = {
			isa = XCConfigurationList;
			buildConfigurations = (
				60F198672A5FD15500F3DB92 /* Debug */,
				60F198682A5FD15500F3DB92 /* Release */,
			);
			defaultConfigurationIsVisible = 0;
			defaultConfigurationName = Release;
		};
		60F198692A5FD15500F3DB92 /* Build configuration list for PBXNativeTarget "YandexToDoListUITests" */ = {
			isa = XCConfigurationList;
			buildConfigurations = (
				60F1986A2A5FD15500F3DB92 /* Debug */,
				60F1986B2A5FD15500F3DB92 /* Release */,
			);
			defaultConfigurationIsVisible = 0;
			defaultConfigurationName = Release;
		};
/* End XCConfigurationList section */

/* Begin XCVersionGroup section */
		60F198422A5FD15200F3DB92 /* YandexToDoList.xcdatamodeld */ = {
			isa = XCVersionGroup;
			children = (
				60F198432A5FD15200F3DB92 /* YandexToDoList.xcdatamodel */,
			);
			currentVersion = 60F198432A5FD15200F3DB92 /* YandexToDoList.xcdatamodel */;
			path = YandexToDoList.xcdatamodeld;
			sourceTree = "<group>";
			versionGroupType = wrapper.xcdatamodel;
		};
/* End XCVersionGroup section */
	};
	rootObject = 60F1982E2A5FD15200F3DB92 /* Project object */;
}
